<?xml version="1.0" encoding="UTF-8" standalone="yes" ?>
<CodeBlocks_project_file>
	<FileVersion major="1" minor="6" />
	<Project>
		<Option title="EHAL" />
		<Option pch_mode="2" />
		<Option compiler="gcc" />
		<Build>
			<Target title="Debug">
				<Option output="bin/Debug/EHAL" prefix_auto="1" extension_auto="1" />
				<Option working_dir="" />
				<Option object_output="obj/Debug/" />
				<Option type="2" />
				<Option compiler="gcc" />
				<Option createDefFile="1" />
				<Compiler>
					<Add option="-std=c++11" />
					<Add option="-Wall" />
					<Add option="-g" />
					<Add option="-std=gnu11" />
				</Compiler>
			</Target>
			<Target title="Release">
				<Option output="bin/Release/EHAL" prefix_auto="1" extension_auto="1" />
				<Option working_dir="" />
				<Option object_output="obj/Release/" />
				<Option type="2" />
				<Option compiler="gcc" />
				<Option createDefFile="1" />
				<Compiler>
					<Add option="-O2" />
					<Add option="-std=c++11" />
					<Add option="-Wall" />
					<Add option="-std=gnu11" />
				</Compiler>
				<Linker>
					<Add option="-s" />
				</Linker>
			</Target>
		</Build>
		<Compiler>
			<Add directory="../../include" />
		</Compiler>
		<Unit filename="../../src/base64.c">
			<Option compilerVar="CC" />
		</Unit>
		<Unit filename="../../src/cfifo.c">
			<Option compilerVar="CC" />
		</Unit>
		<Unit filename="../../src/crc.c">
			<Option compilerVar="CC" />
		</Unit>
		<Unit filename="../../src/intelhex.c">
			<Option compilerVar="CC" />
		</Unit>
		<Unit filename="../../src/prbs.c">
			<Option compilerVar="CC" />
		</Unit>
		<Unit filename="../../src/serialintrf.cpp" />
		<Unit filename="../../src/sha1.c">
			<Option compilerVar="CC" />
		</Unit>
		<Unit filename="../../src/sha256.c">
			<Option compilerVar="CC" />
		</Unit>
		<Unit filename="../../src/uart.c">
			<Option compilerVar="CC" />
		</Unit>
		<Unit filename="../../src/utf8.c">
			<Option compilerVar="CC" />
		</Unit>
		<Unit filename="../../src/utf8cvt.cpp" />
		<Extensions>
			<code_completion />
			<debugger />
		</Extensions>
	</Project>
</CodeBlocks_project_file>
