// !$*UTF8*$!
{
	archiveVersion = 1;
	classes = {
	};
	objectVersion = 46;
	objects = {

/* Begin PBXBuildFile section */
		401FBF931D9CAC96004A39FF /* base64.c in Sources */ = {isa = PBXBuildFile; fileRef = 401FBF871D9CAC96004A39FF /* base64.c */; };
		401FBF941D9CAC96004A39FF /* cfifo.c in Sources */ = {isa = PBXBuildFile; fileRef = 401FBF881D9CAC96004A39FF /* cfifo.c */; };
		401FBF951D9CAC96004A39FF /* crc.c in Sources */ = {isa = PBXBuildFile; fileRef = 401FBF891D9CAC96004A39FF /* crc.c */; };
		401FBF961D9CAC96004A39FF /* intelhex.c in Sources */ = {isa = PBXBuildFile; fileRef = 401FBF8A1D9CAC96004A39FF /* intelhex.c */; };
		401FBF971D9CAC96004A39FF /* prbs.c in Sources */ = {isa = PBXBuildFile; fileRef = 401FBF8B1D9CAC96004A39FF /* prbs.c */; };
		401FBF981D9CAC96004A39FF /* sbuffer.c in Sources */ = {isa = PBXBuildFile; fileRef = 401FBF8C1D9CAC96004A39FF /* sbuffer.c */; };
		401FBF9C1D9CAC96004A39FF /* uart.c in Sources */ = {isa = PBXBuildFile; fileRef = 401FBF901D9CAC96004A39FF /* uart.c */; };
		401FBF9D1D9CAC96004A39FF /* utf8.c in Sources */ = {isa = PBXBuildFile; fileRef = 401FBF911D9CAC96004A39FF /* utf8.c */; };
		401FBF9E1D9CAC96004A39FF /* utf8cvt.cpp in Sources */ = {isa = PBXBuildFile; fileRef = 401FBF921D9CAC96004A39FF /* utf8cvt.cpp */; };
		401FBFA11D9CAD53004A39FF /* uart_osx.cpp in Sources */ = {isa = PBXBuildFile; fileRef = 401FBF9F1D9CAD53004A39FF /* uart_osx.cpp */; };
		401FBFEC1DA01F47004A39FF /* base64.h in Headers */ = {isa = PBXBuildFile; fileRef = 401FBFDE1DA01F47004A39FF /* base64.h */; };
		401FBFED1DA01F47004A39FF /* cfifo.h in Headers */ = {isa = PBXBuildFile; fileRef = 401FBFDF1DA01F47004A39FF /* cfifo.h */; };
		401FBFEE1DA01F47004A39FF /* convutil.h in Headers */ = {isa = PBXBuildFile; fileRef = 401FBFE01DA01F47004A39FF /* convutil.h */; };
		401FBFEF1DA01F47004A39FF /* crc.h in Headers */ = {isa = PBXBuildFile; fileRef = 401FBFE11DA01F47004A39FF /* crc.h */; };
		401FBFF01DA01F47004A39FF /* intelhex.h in Headers */ = {isa = PBXBuildFile; fileRef = 401FBFE21DA01F47004A39FF /* intelhex.h */; };
		401FBFF11DA01F47004A39FF /* istddef.h in Headers */ = {isa = PBXBuildFile; fileRef = 401FBFE31DA01F47004A39FF /* istddef.h */; };
		401FBFF21DA01F47004A39FF /* prbs.h in Headers */ = {isa = PBXBuildFile; fileRef = 401FBFE41DA01F47004A39FF /* prbs.h */; };
		401FBFF61DA01F47004A39FF /* uart.h in Headers */ = {isa = PBXBuildFile; fileRef = 401FBFE81DA01F47004A39FF /* uart.h */; };
		401FBFF81DA01F47004A39FF /* utf8.h in Headers */ = {isa = PBXBuildFile; fileRef = 401FBFEA1DA01F47004A39FF /* utf8.h */; };
		401FBFF91DA01F47004A39FF /* utf8cvt.h in Headers */ = {isa = PBXBuildFile; fileRef = 401FBFEB1DA01F47004A39FF /* utf8cvt.h */; };
		4030886C2053AD6600109A64 /* usb_hidhost.h in Headers */ = {isa = PBXBuildFile; fileRef = 4030886B2053AD6600109A64 /* usb_hidhost.h */; };
		4047E3D01DD8BA20005634A1 /* usb_hidhost_impl.cpp in Sources */ = {isa = PBXBuildFile; fileRef = 4047E3CF1DD8BA20005634A1 /* usb_hidhost_impl.cpp */; };
		C9652D5D1E8183EB002892B7 /* device_intrf.cpp in Sources */ = {isa = PBXBuildFile; fileRef = C9652D5B1E8183EB002892B7 /* device_intrf.cpp */; };
		C9652D5E1E8183EB002892B7 /* device.cpp in Sources */ = {isa = PBXBuildFile; fileRef = C9652D5C1E8183EB002892B7 /* device.cpp */; };
		C9652D611E8183FF002892B7 /* device_intrf.h in Headers */ = {isa = PBXBuildFile; fileRef = C9652D5F1E8183FF002892B7 /* device_intrf.h */; };
		C9652D621E8183FF002892B7 /* device.h in Headers */ = {isa = PBXBuildFile; fileRef = C9652D601E8183FF002892B7 /* device.h */; };
/* End PBXBuildFile section */

/* Begin PBXFileReference section */
		401FBF801D9CAC42004A39FF /* libEHAL.a */ = {isa = PBXFileReference; explicitFileType = archive.ar; includeInIndex = 0; path = libEHAL.a; sourceTree = BUILT_PRODUCTS_DIR; };
		401FBF871D9CAC96004A39FF /* base64.c */ = {isa = PBXFileReference; fileEncoding = 4; lastKnownFileType = sourcecode.c.c; name = base64.c; path = ../../src/base64.c; sourceTree = "<group>"; };
		401FBF881D9CAC96004A39FF /* cfifo.c */ = {isa = PBXFileReference; fileEncoding = 4; lastKnownFileType = sourcecode.c.c; name = cfifo.c; path = ../../src/cfifo.c; sourceTree = "<group>"; };
		401FBF891D9CAC96004A39FF /* crc.c */ = {isa = PBXFileReference; fileEncoding = 4; lastKnownFileType = sourcecode.c.c; name = crc.c; path = ../../src/crc.c; sourceTree = "<group>"; };
		401FBF8A1D9CAC96004A39FF /* intelhex.c */ = {isa = PBXFileReference; fileEncoding = 4; lastKnownFileType = sourcecode.c.c; name = intelhex.c; path = ../../src/intelhex.c; sourceTree = "<group>"; };
		401FBF8B1D9CAC96004A39FF /* prbs.c */ = {isa = PBXFileReference; fileEncoding = 4; lastKnownFileType = sourcecode.c.c; name = prbs.c; path = ../../src/prbs.c; sourceTree = "<group>"; };
		401FBF8C1D9CAC96004A39FF /* sbuffer.c */ = {isa = PBXFileReference; fileEncoding = 4; lastKnownFileType = sourcecode.c.c; name = sbuffer.c; path = ../../src/sbuffer.c; sourceTree = "<group>"; };
		401FBF901D9CAC96004A39FF /* uart.c */ = {isa = PBXFileReference; fileEncoding = 4; lastKnownFileType = sourcecode.c.c; name = uart.c; path = ../../src/uart.c; sourceTree = "<group>"; };
		401FBF911D9CAC96004A39FF /* utf8.c */ = {isa = PBXFileReference; fileEncoding = 4; lastKnownFileType = sourcecode.c.c; name = utf8.c; path = ../../src/utf8.c; sourceTree = "<group>"; };
		401FBF921D9CAC96004A39FF /* utf8cvt.cpp */ = {isa = PBXFileReference; fileEncoding = 4; lastKnownFileType = sourcecode.cpp.cpp; name = utf8cvt.cpp; path = ../../src/utf8cvt.cpp; sourceTree = "<group>"; };
		401FBF9F1D9CAD53004A39FF /* uart_osx.cpp */ = {isa = PBXFileReference; fileEncoding = 4; lastKnownFileType = sourcecode.cpp.cpp; name = uart_osx.cpp; path = src/uart_osx.cpp; sourceTree = "<group>"; };
		401FBFDE1DA01F47004A39FF /* base64.h */ = {isa = PBXFileReference; fileEncoding = 4; lastKnownFileType = sourcecode.c.h; name = base64.h; path = ../../include/base64.h; sourceTree = "<group>"; };
		401FBFDF1DA01F47004A39FF /* cfifo.h */ = {isa = PBXFileReference; fileEncoding = 4; lastKnownFileType = sourcecode.c.h; name = cfifo.h; path = ../../include/cfifo.h; sourceTree = "<group>"; };
		401FBFE01DA01F47004A39FF /* convutil.h */ = {isa = PBXFileReference; fileEncoding = 4; lastKnownFileType = sourcecode.c.h; name = convutil.h; path = ../../include/convutil.h; sourceTree = "<group>"; };
		401FBFE11DA01F47004A39FF /* crc.h */ = {isa = PBXFileReference; fileEncoding = 4; lastKnownFileType = sourcecode.c.h; name = crc.h; path = ../../include/crc.h; sourceTree = "<group>"; };
		401FBFE21DA01F47004A39FF /* intelhex.h */ = {isa = PBXFileReference; fileEncoding = 4; lastKnownFileType = sourcecode.c.h; name = intelhex.h; path = ../../include/intelhex.h; sourceTree = "<group>"; };
		401FBFE31DA01F47004A39FF /* istddef.h */ = {isa = PBXFileReference; fileEncoding = 4; lastKnownFileType = sourcecode.c.h; name = istddef.h; path = ../../include/istddef.h; sourceTree = "<group>"; };
		401FBFE41DA01F47004A39FF /* prbs.h */ = {isa = PBXFileReference; fileEncoding = 4; lastKnownFileType = sourcecode.c.h; name = prbs.h; path = ../../include/prbs.h; sourceTree = "<group>"; };
		401FBFE81DA01F47004A39FF /* uart.h */ = {isa = PBXFileReference; fileEncoding = 4; lastKnownFileType = sourcecode.c.h; name = uart.h; path = ../../include/uart.h; sourceTree = "<group>"; };
		401FBFEA1DA01F47004A39FF /* utf8.h */ = {isa = PBXFileReference; fileEncoding = 4; lastKnownFileType = sourcecode.c.h; name = utf8.h; path = ../../include/utf8.h; sourceTree = "<group>"; };
		401FBFEB1DA01F47004A39FF /* utf8cvt.h */ = {isa = PBXFileReference; fileEncoding = 4; lastKnownFileType = sourcecode.c.h; name = utf8cvt.h; path = ../../include/utf8cvt.h; sourceTree = "<group>"; };
		4030886B2053AD6600109A64 /* usb_hidhost.h */ = {isa = PBXFileReference; fileEncoding = 4; lastKnownFileType = sourcecode.c.h; name = usb_hidhost.h; path = ../../include/usb/usb_hidhost.h; sourceTree = "<group>"; };
		4047E3CF1DD8BA20005634A1 /* usb_hidhost_impl.cpp */ = {isa = PBXFileReference; fileEncoding = 4; lastKnownFileType = sourcecode.cpp.cpp; name = usb_hidhost_impl.cpp; path = src/usb_hidhost_impl.cpp; sourceTree = "<group>"; };
		C9652D5B1E8183EB002892B7 /* device_intrf.cpp */ = {isa = PBXFileReference; fileEncoding = 4; lastKnownFileType = sourcecode.cpp.cpp; name = device_intrf.cpp; path = ../../src/device_intrf.cpp; sourceTree = "<group>"; };
		C9652D5C1E8183EB002892B7 /* device.cpp */ = {isa = PBXFileReference; fileEncoding = 4; lastKnownFileType = sourcecode.cpp.cpp; name = device.cpp; path = ../../src/device.cpp; sourceTree = "<group>"; };
		C9652D5F1E8183FF002892B7 /* device_intrf.h */ = {isa = PBXFileReference; fileEncoding = 4; lastKnownFileType = sourcecode.c.h; name = device_intrf.h; path = ../../include/device_intrf.h; sourceTree = "<group>"; };
		C9652D601E8183FF002892B7 /* device.h */ = {isa = PBXFileReference; fileEncoding = 4; lastKnownFileType = sourcecode.c.h; name = device.h; path = ../../include/device.h; sourceTree = "<group>"; };
/* End PBXFileReference section */

/* Begin PBXFrameworksBuildPhase section */
		401FBF7D1D9CAC42004A39FF /* Frameworks */ = {
			isa = PBXFrameworksBuildPhase;
			buildActionMask = 2147483647;
			files = (
			);
			runOnlyForDeploymentPostprocessing = 0;
		};
/* End PBXFrameworksBuildPhase section */

/* Begin PBXGroup section */
		401FBF771D9CAC42004A39FF = {
			isa = PBXGroup;
			children = (
				4030886B2053AD6600109A64 /* usb_hidhost.h */,
				C9652D5F1E8183FF002892B7 /* device_intrf.h */,
				C9652D601E8183FF002892B7 /* device.h */,
				C9652D5B1E8183EB002892B7 /* device_intrf.cpp */,
				C9652D5C1E8183EB002892B7 /* device.cpp */,
				4047E3CF1DD8BA20005634A1 /* usb_hidhost_impl.cpp */,
				401FBFDE1DA01F47004A39FF /* base64.h */,
				401FBFDF1DA01F47004A39FF /* cfifo.h */,
				401FBFE01DA01F47004A39FF /* convutil.h */,
				401FBFE11DA01F47004A39FF /* crc.h */,
				401FBFE21DA01F47004A39FF /* intelhex.h */,
				401FBFE31DA01F47004A39FF /* istddef.h */,
				401FBFE41DA01F47004A39FF /* prbs.h */,
				401FBFE81DA01F47004A39FF /* uart.h */,
				401FBFEA1DA01F47004A39FF /* utf8.h */,
				401FBFEB1DA01F47004A39FF /* utf8cvt.h */,
				401FBF9F1D9CAD53004A39FF /* uart_osx.cpp */,
				401FBF871D9CAC96004A39FF /* base64.c */,
				401FBF881D9CAC96004A39FF /* cfifo.c */,
				401FBF891D9CAC96004A39FF /* crc.c */,
				401FBF8A1D9CAC96004A39FF /* intelhex.c */,
				401FBF8B1D9CAC96004A39FF /* prbs.c */,
				401FBF8C1D9CAC96004A39FF /* sbuffer.c */,
				401FBF901D9CAC96004A39FF /* uart.c */,
				401FBF911D9CAC96004A39FF /* utf8.c */,
				401FBF921D9CAC96004A39FF /* utf8cvt.cpp */,
				401FBF811D9CAC42004A39FF /* Products */,
			);
			sourceTree = "<group>";
		};
		401FBF811D9CAC42004A39FF /* Products */ = {
			isa = PBXGroup;
			children = (
				401FBF801D9CAC42004A39FF /* libEHAL.a */,
			);
			name = Products;
			sourceTree = "<group>";
		};
/* End PBXGroup section */

/* Begin PBXHeadersBuildPhase section */
		401FBF7E1D9CAC42004A39FF /* Headers */ = {
			isa = PBXHeadersBuildPhase;
			buildActionMask = 2147483647;
			files = (
				401FBFF81DA01F47004A39FF /* utf8.h in Headers */,
				C9652D611E8183FF002892B7 /* device_intrf.h in Headers */,
				401FBFED1DA01F47004A39FF /* cfifo.h in Headers */,
				401FBFEC1DA01F47004A39FF /* base64.h in Headers */,
				C9652D621E8183FF002892B7 /* device.h in Headers */,
				401FBFF91DA01F47004A39FF /* utf8cvt.h in Headers */,
				401FBFF21DA01F47004A39FF /* prbs.h in Headers */,
				4030886C2053AD6600109A64 /* usb_hidhost.h in Headers */,
				401FBFF11DA01F47004A39FF /* istddef.h in Headers */,
				401FBFF61DA01F47004A39FF /* uart.h in Headers */,
				401FBFEE1DA01F47004A39FF /* convutil.h in Headers */,
				401FBFEF1DA01F47004A39FF /* crc.h in Headers */,
				401FBFF01DA01F47004A39FF /* intelhex.h in Headers */,
			);
			runOnlyForDeploymentPostprocessing = 0;
		};
/* End PBXHeadersBuildPhase section */

/* Begin PBXNativeTarget section */
		401FBF7F1D9CAC42004A39FF /* EHAL */ = {
			isa = PBXNativeTarget;
			buildConfigurationList = 401FBF841D9CAC42004A39FF /* Build configuration list for PBXNativeTarget "EHAL" */;
			buildPhases = (
				401FBF7C1D9CAC42004A39FF /* Sources */,
				401FBF7D1D9CAC42004A39FF /* Frameworks */,
				401FBF7E1D9CAC42004A39FF /* Headers */,
			);
			buildRules = (
			);
			dependencies = (
			);
			name = EHAL;
			productName = EHAL;
			productReference = 401FBF801D9CAC42004A39FF /* libEHAL.a */;
			productType = "com.apple.product-type.library.static";
		};
/* End PBXNativeTarget section */

/* Begin PBXProject section */
		401FBF781D9CAC42004A39FF /* Project object */ = {
			isa = PBXProject;
			attributes = {
				LastUpgradeCheck = 0800;
				ORGANIZATIONNAME = "I-SYST inc.";
				TargetAttributes = {
					401FBF7F1D9CAC42004A39FF = {
						CreatedOnToolsVersion = 8.0;
						ProvisioningStyle = Automatic;
					};
				};
			};
			buildConfigurationList = 401FBF7B1D9CAC42004A39FF /* Build configuration list for PBXProject "EHAL" */;
			compatibilityVersion = "Xcode 3.2";
			developmentRegion = English;
			hasScannedForEncodings = 0;
			knownRegions = (
				en,
			);
			mainGroup = 401FBF771D9CAC42004A39FF;
			productRefGroup = 401FBF811D9CAC42004A39FF /* Products */;
			projectDirPath = "";
			projectRoot = "";
			targets = (
				401FBF7F1D9CAC42004A39FF /* EHAL */,
			);
		};
/* End PBXProject section */

/* Begin PBXSourcesBuildPhase section */
		401FBF7C1D9CAC42004A39FF /* Sources */ = {
			isa = PBXSourcesBuildPhase;
			buildActionMask = 2147483647;
			files = (
				401FBF9E1D9CAC96004A39FF /* utf8cvt.cpp in Sources */,
				401FBF971D9CAC96004A39FF /* prbs.c in Sources */,
				401FBF981D9CAC96004A39FF /* sbuffer.c in Sources */,
				C9652D5E1E8183EB002892B7 /* device.cpp in Sources */,
				401FBFA11D9CAD53004A39FF /* uart_osx.cpp in Sources */,
				401FBF961D9CAC96004A39FF /* intelhex.c in Sources */,
				401FBF9C1D9CAC96004A39FF /* uart.c in Sources */,
				4047E3D01DD8BA20005634A1 /* usb_hidhost_impl.cpp in Sources */,
				401FBF951D9CAC96004A39FF /* crc.c in Sources */,
				401FBF931D9CAC96004A39FF /* base64.c in Sources */,
				401FBF9D1D9CAC96004A39FF /* utf8.c in Sources */,
				401FBF941D9CAC96004A39FF /* cfifo.c in Sources */,
				C9652D5D1E8183EB002892B7 /* device_intrf.cpp in Sources */,
			);
			runOnlyForDeploymentPostprocessing = 0;
		};
/* End PBXSourcesBuildPhase section */

/* Begin XCBuildConfiguration section */
		401FBF821D9CAC42004A39FF /* Debug */ = {
			isa = XCBuildConfiguration;
			buildSettings = {
				ALWAYS_SEARCH_USER_PATHS = NO;
				CLANG_ANALYZER_NONNULL = YES;
				CLANG_CXX_LANGUAGE_STANDARD = "gnu++0x";
				CLANG_CXX_LIBRARY = "libc++";
				CLANG_ENABLE_MODULES = YES;
				CLANG_ENABLE_OBJC_ARC = YES;
				CLANG_WARN_BOOL_CONVERSION = YES;
				CLANG_WARN_CONSTANT_CONVERSION = YES;
				CLANG_WARN_DIRECT_OBJC_ISA_USAGE = YES_ERROR;
				CLANG_WARN_DOCUMENTATION_COMMENTS = YES;
				CLANG_WARN_EMPTY_BODY = YES;
				CLANG_WARN_ENUM_CONVERSION = YES;
				CLANG_WARN_INFINITE_RECURSION = YES;
				CLANG_WARN_INT_CONVERSION = YES;
				CLANG_WARN_OBJC_ROOT_CLASS = YES_ERROR;
				CLANG_WARN_SUSPICIOUS_MOVES = YES;
				CLANG_WARN_UNREACHABLE_CODE = YES;
				CLANG_WARN__DUPLICATE_METHOD_MATCH = YES;
				CODE_SIGN_IDENTITY = "-";
				COPY_PHASE_STRIP = NO;
				DEBUG_INFORMATION_FORMAT = dwarf;
				ENABLE_STRICT_OBJC_MSGSEND = YES;
				ENABLE_TESTABILITY = YES;
				GCC_C_LANGUAGE_STANDARD = gnu11;
				GCC_DYNAMIC_NO_PIC = NO;
				GCC_NO_COMMON_BLOCKS = YES;
				GCC_OPTIMIZATION_LEVEL = 0;
				GCC_PREPROCESSOR_DEFINITIONS = (
					"DEBUG=1",
					"$(inherited)",
				);
				GCC_WARN_64_TO_32_BIT_CONVERSION = YES;
				GCC_WARN_ABOUT_RETURN_TYPE = YES_ERROR;
				GCC_WARN_UNDECLARED_SELECTOR = YES;
				GCC_WARN_UNINITIALIZED_AUTOS = YES_AGGRESSIVE;
				GCC_WARN_UNUSED_FUNCTION = YES;
				GCC_WARN_UNUSED_VARIABLE = YES;
				MACOSX_DEPLOYMENT_TARGET = 10.9;
				MTL_ENABLE_DEBUG_INFO = YES;
				ONLY_ACTIVE_ARCH = YES;
				SDKROOT = macosx;
				USER_HEADER_SEARCH_PATHS = "../../include ../include include";
			};
			name = Debug;
		};
		401FBF831D9CAC42004A39FF /* Release */ = {
			isa = XCBuildConfiguration;
			buildSettings = {
				ALWAYS_SEARCH_USER_PATHS = NO;
				CLANG_ANALYZER_NONNULL = YES;
				CLANG_CXX_LANGUAGE_STANDARD = "gnu++0x";
				CLANG_CXX_LIBRARY = "libc++";
				CLANG_ENABLE_MODULES = YES;
				CLANG_ENABLE_OBJC_ARC = YES;
				CLANG_WARN_BOOL_CONVERSION = YES;
				CLANG_WARN_CONSTANT_CONVERSION = YES;
				CLANG_WARN_DIRECT_OBJC_ISA_USAGE = YES_ERROR;
				CLANG_WARN_DOCUMENTATION_COMMENTS = YES;
				CLANG_WARN_EMPTY_BODY = YES;
				CLANG_WARN_ENUM_CONVERSION = YES;
				CLANG_WARN_INFINITE_RECURSION = YES;
				CLANG_WARN_INT_CONVERSION = YES;
				CLANG_WARN_OBJC_ROOT_CLASS = YES_ERROR;
				CLANG_WARN_SUSPICIOUS_MOVES = YES;
				CLANG_WARN_UNREACHABLE_CODE = YES;
				CLANG_WARN__DUPLICATE_METHOD_MATCH = YES;
				CODE_SIGN_IDENTITY = "-";
				COPY_PHASE_STRIP = NO;
				DEBUG_INFORMATION_FORMAT = "dwarf-with-dsym";
				ENABLE_NS_ASSERTIONS = NO;
				ENABLE_STRICT_OBJC_MSGSEND = YES;
				GCC_C_LANGUAGE_STANDARD = gnu11;
				GCC_NO_COMMON_BLOCKS = YES;
				GCC_WARN_64_TO_32_BIT_CONVERSION = YES;
				GCC_WARN_ABOUT_RETURN_TYPE = YES_ERROR;
				GCC_WARN_UNDECLARED_SELECTOR = YES;
				GCC_WARN_UNINITIALIZED_AUTOS = YES_AGGRESSIVE;
				GCC_WARN_UNUSED_FUNCTION = YES;
				GCC_WARN_UNUSED_VARIABLE = YES;
				MACOSX_DEPLOYMENT_TARGET = 10.9;
				MTL_ENABLE_DEBUG_INFO = NO;
				SDKROOT = macosx;
				USER_HEADER_SEARCH_PATHS = "../../include ../include include";
			};
			name = Release;
		};
		401FBF851D9CAC42004A39FF /* Debug */ = {
			isa = XCBuildConfiguration;
			buildSettings = {
				EXECUTABLE_PREFIX = lib;
				PRODUCT_NAME = "$(TARGET_NAME)";
			};
			name = Debug;
		};
		401FBF861D9CAC42004A39FF /* Release */ = {
			isa = XCBuildConfiguration;
			buildSettings = {
				EXECUTABLE_PREFIX = lib;
				PRODUCT_NAME = "$(TARGET_NAME)";
			};
			name = Release;
		};
/* End XCBuildConfiguration section */

/* Begin XCConfigurationList section */
		401FBF7B1D9CAC42004A39FF /* Build configuration list for PBXProject "EHAL" */ = {
			isa = XCConfigurationList;
			buildConfigurations = (
				401FBF821D9CAC42004A39FF /* Debug */,
				401FBF831D9CAC42004A39FF /* Release */,
			);
			defaultConfigurationIsVisible = 0;
			defaultConfigurationName = Release;
		};
		401FBF841D9CAC42004A39FF /* Build configuration list for PBXNativeTarget "EHAL" */ = {
			isa = XCConfigurationList;
			buildConfigurations = (
				401FBF851D9CAC42004A39FF /* Debug */,
				401FBF861D9CAC42004A39FF /* Release */,
			);
			defaultConfigurationIsVisible = 0;
			defaultConfigurationName = Release;
		};
/* End XCConfigurationList section */
	};
	rootObject = 401FBF781D9CAC42004A39FF /* Project object */;
}
